<?xml version="1.0" encoding="utf-8"?>
<Project ToolsVersion="4.0" xmlns="http://schemas.microsoft.com/developer/msbuild/2003">
  <ItemGroup>
    <Filter Include="Source files">
      <UniqueIdentifier>{2ea0b260-4813-4960-b834-5ce9d014f6fd}</UniqueIdentifier>
      <Extensions>cpp;c;cc;cxx;def;odl;idl;hpj;bat;asm;asmx</Extensions>
    </Filter>
    <Filter Include="Header files">
      <UniqueIdentifier>{bbe99a6a-72f8-46dd-b66d-19e6162122ff}</UniqueIdentifier>
      <Extensions>h;hpp;hxx;hm;inl;inc;xsd</Extensions>
    </Filter>
    <Filter Include="Resource files">
      <UniqueIdentifier>{9a5867db-a6ed-421c-9d87-1b26186a395f}</UniqueIdentifier>
      <Extensions>rc;ico;cur;bmp;dlg;rc2;rct;bin;rgs;gif;jpg;jpeg;jpe;resx;tiff;tif;png;wav</Extensions>
    </Filter>
    <Filter Include="Make files">
      <UniqueIdentifier>{c9b83b37-8aa2-47f1-b3cc-c32c8e175623}</UniqueIdentifier>
    </Filter>
    <Filter Include="VisualGDB settings">
      <UniqueIdentifier>{1d9ed228-f5cc-4b39-8fba-99e9b1167ba1}</UniqueIdentifier>
    </Filter>
  </ItemGroup>
  <ItemGroup>
    <None Include="debug.mak">
      <Filter>Make files</Filter>
    </None>
    <None Include="release.mak">
      <Filter>Make files</Filter>
    </None>
    <None Include="monitor_pimd-Debug.vgdbsettings">
      <Filter>VisualGDB settings</Filter>
    </None>
    <None Include="monitor_pimd-Release.vgdbsettings">
      <Filter>VisualGDB settings</Filter>
    </None>
    <ClCompile Include="src\kernel.cpp">
      <Filter>Source files</Filter>
    </ClCompile>
  </ItemGroup>
  <ItemGroup>
    <None Include="Makefile" />
  </ItemGroup>
  <ItemGroup>
    <ClInclude Include="src\kernel.h">
      <Filter>Header files</Filter>
    </ClInclude>
    <ClInclude Include="src\defs.h">
      <Filter>Header files</Filter>
    </ClInclude>
    <ClInclude Include="src\utils.h">
      <Filter>Header files</Filter>
    </ClInclude>
    <ClInclude Include="src\igmp.h">
      <Filter>Header files</Filter>
    </ClInclude>
    <ClInclude Include="src\pim.h">
      <Filter>Header files</Filter>
    </ClInclude>
    <ClInclude Include="src\vif.h">
      <Filter>Header files</Filter>
    </ClInclude>
    <ClInclude Include="src\queue.h">
      <Filter>Header files</Filter>
    </ClInclude>
    <ClInclude Include="src\config.h">
      <Filter>Header files</Filter>
    </ClInclude>
  </ItemGroup>
  <ItemGroup>
    <ClCompile Include="src\utils.cpp">
      <Filter>Source files</Filter>
    </ClCompile>
    <ClCompile Include="src\igmp.cpp">
      <Filter>Source files</Filter>
    </ClCompile>
    <ClCompile Include="src\pim.cpp">
      <Filter>Source files</Filter>
    </ClCompile>
    <ClCompile Include="src\vif.cpp">
      <Filter>Source files</Filter>
    </ClCompile>
    <ClCompile Include="src\config.cpp">
      <Filter>Source files</Filter>
    </ClCompile>
    <ClCompile Include="src\main.cpp">
      <Filter>Source files</Filter>
    </ClCompile>
  </ItemGroup>
</Project>