<?xml version="1.0" encoding="utf-8"?>
<Project ToolsVersion="4.0" xmlns="http://schemas.microsoft.com/developer/msbuild/2003">
  <ItemGroup>
    <Filter Include="Source files">
      <UniqueIdentifier>{23a7db09-c486-44b1-bbc9-ab7960909afc}</UniqueIdentifier>
      <Extensions>cpp;c;cc;cxx;def;odl;idl;hpj;bat;asm;asmx</Extensions>
    </Filter>
    <Filter Include="Header files">
      <UniqueIdentifier>{6b51082a-a436-46aa-a838-c8e97665d8c4}</UniqueIdentifier>
      <Extensions>h;hpp;hxx;hm;inl;inc;xsd</Extensions>
    </Filter>
    <Filter Include="Resource files">
      <UniqueIdentifier>{64577237-0ab0-4803-b727-aa377f5ad3b5}</UniqueIdentifier>
      <Extensions>rc;ico;cur;bmp;dlg;rc2;rct;bin;rgs;gif;jpg;jpeg;jpe;resx;tiff;tif;png;wav</Extensions>
    </Filter>
    <Filter Include="Make files">
      <UniqueIdentifier>{c86ae360-352f-4a7c-ae6f-cfbaada6541c}</UniqueIdentifier>
    </Filter>
    <Filter Include="VisualGDB settings">
      <UniqueIdentifier>{51bf2705-36a1-488b-b020-59480c21afa2}</UniqueIdentifier>
    </Filter>
  </ItemGroup>
  <ItemGroup>
    <None Include="debug.mak">
      <Filter>Make files</Filter>
    </None>
    <None Include="release.mak">
      <Filter>Make files</Filter>
    </None>
    <None Include="mcstartstreams-Debug.vgdbsettings">
      <Filter>VisualGDB settings</Filter>
    </None>
    <None Include="mcstartstreams-Release.vgdbsettings">
      <Filter>VisualGDB settings</Filter>
    </None>
  </ItemGroup>
  <ItemGroup>
    <None Include="Makefile" />
  </ItemGroup>
  <ItemGroup>
    <ClCompile Include="src\mcstartstreams.cpp">
      <Filter>Source files</Filter>
    </ClCompile>
    <ClCompile Include="src\PracticalSocket.cpp">
      <Filter>Source files</Filter>
    </ClCompile>
    <ClCompile Include="src\tools.cpp">
      <Filter>Source files</Filter>
    </ClCompile>
    <ClCompile Include="src\i18n.cpp">
      <Filter>Source files</Filter>
    </ClCompile>
    <ClCompile Include="src\thread.cpp">
      <Filter>Source files</Filter>
    </ClCompile>
  </ItemGroup>
  <ItemGroup>
    <ClInclude Include="src\PracticalSocket.h">
      <Filter>Header files</Filter>
    </ClInclude>
    <ClInclude Include="src\mcstartstreams.h">
      <Filter>Header files</Filter>
    </ClInclude>
    <ClInclude Include="src\tools.h">
      <Filter>Header files</Filter>
    </ClInclude>
    <ClInclude Include="src\i18n.h">
      <Filter>Header files</Filter>
    </ClInclude>
    <ClInclude Include="src\thread.h">
      <Filter>Header files</Filter>
    </ClInclude>
  </ItemGroup>
</Project>