<?xml version="1.0" encoding="utf-8"?>
<Project ToolsVersion="4.0" xmlns="http://schemas.microsoft.com/developer/msbuild/2003">
  <ItemGroup>
    <Filter Include="Source files">
      <UniqueIdentifier>{73559ffc-e459-499d-ba81-8035c5ff11b7}</UniqueIdentifier>
      <Extensions>cpp;c;cc;cxx;def;odl;idl;hpj;bat;asm;asmx</Extensions>
    </Filter>
    <Filter Include="Header files">
      <UniqueIdentifier>{5fbc246e-cfb4-48cc-9654-761a830ee4ee}</UniqueIdentifier>
      <Extensions>h;hpp;hxx;hm;inl;inc;xsd</Extensions>
    </Filter>
    <Filter Include="Resource files">
      <UniqueIdentifier>{3ceb477d-640d-4271-8c57-62f6fcb16a06}</UniqueIdentifier>
      <Extensions>rc;ico;cur;bmp;dlg;rc2;rct;bin;rgs;gif;jpg;jpeg;jpe;resx;tiff;tif;png;wav</Extensions>
    </Filter>
    <Filter Include="Make files">
      <UniqueIdentifier>{3a3cdb5e-6a35-4aaf-84d2-d532c09cc3e9}</UniqueIdentifier>
    </Filter>
    <Filter Include="VisualGDB settings">
      <UniqueIdentifier>{3fa84e5a-68e8-4490-b820-88f4fe1d7d9d}</UniqueIdentifier>
    </Filter>
  </ItemGroup>
  <ItemGroup>
    <None Include="debug.mak">
      <Filter>Make files</Filter>
    </None>
    <None Include="release.mak">
      <Filter>Make files</Filter>
    </None>
    <None Include="monitor_mc-Debug.vgdbsettings">
      <Filter>VisualGDB settings</Filter>
    </None>
    <None Include="monitor_mc-Release.vgdbsettings">
      <Filter>VisualGDB settings</Filter>
    </None>
  </ItemGroup>
  <ItemGroup>
    <None Include="Makefile" />
  </ItemGroup>
  <ItemGroup>
    <ClInclude Include="src\i18n.h">
      <Filter>Header files</Filter>
    </ClInclude>
    <ClInclude Include="src\packet_sniffer.h">
      <Filter>Header files</Filter>
    </ClInclude>
    <ClInclude Include="src\pim.h">
      <Filter>Header files</Filter>
    </ClInclude>
    <ClInclude Include="src\queue.h">
      <Filter>Header files</Filter>
    </ClInclude>
    <ClInclude Include="src\thread.h">
      <Filter>Header files</Filter>
    </ClInclude>
    <ClInclude Include="src\tools.h">
      <Filter>Header files</Filter>
    </ClInclude>
  </ItemGroup>
  <ItemGroup>
    <ClCompile Include="src\i18n.cpp">
      <Filter>Source files</Filter>
    </ClCompile>
    <ClCompile Include="src\main.cpp">
      <Filter>Source files</Filter>
    </ClCompile>
    <ClCompile Include="src\packet_sniffer.cpp">
      <Filter>Source files</Filter>
    </ClCompile>
    <ClCompile Include="src\thread.cpp">
      <Filter>Source files</Filter>
    </ClCompile>
    <ClCompile Include="src\tools.cpp">
      <Filter>Source files</Filter>
    </ClCompile>
  </ItemGroup>
</Project>