
Microsoft Visual Studio Solution File, Format Version 12.00
# Visual Studio 15
VisualStudioVersion = 15.0.27004.2008
MinimumVisualStudioVersion = 10.0.40219.1
Project("{8BC9CEB8-8B4A-11D0-8D11-00A0C91BC942}") = "mcsender1", "mcsender1\mcsender1.vcxproj", "{E947D561-68C4-4EE4-A311-9263FDBA3338}"
EndProject
Global
	GlobalSection(SolutionConfigurationPlatforms) = preSolution
		Debug|x86 = Debug|x86
		Release|x86 = Release|x86
	EndGlobalSection
	GlobalSection(ProjectConfigurationPlatforms) = postSolution
		{E947D561-68C4-4EE4-A311-9263FDBA3338}.Debug|x64.ActiveCfg = Debug|Win32
		{E947D561-68C4-4EE4-A311-9263FDBA3338}.Debug|x86.ActiveCfg = Debug|Win32
		{E947D561-68C4-4EE4-A311-9263FDBA3338}.Debug|x86.Build.0 = Debug|Win32
		{E947D561-68C4-4EE4-A311-9263FDBA3338}.Release|x64.ActiveCfg = Release|Win32
		{E947D561-68C4-4EE4-A311-9263FDBA3338}.Release|x86.ActiveCfg = Release|Win32
		{E947D561-68C4-4EE4-A311-9263FDBA3338}.Release|x86.Build.0 = Release|Win32
	EndGlobalSection
	GlobalSection(SolutionProperties) = preSolution
		HideSolutionNode = FALSE
	EndGlobalSection
	GlobalSection(ExtensibilityGlobals) = postSolution
		SolutionGuid = {06710290-E560-4C97-B9B0-20E0093F78F0}
	EndGlobalSection
EndGlobal
