<?xml version="1.0" encoding="utf-8"?>
<Project ToolsVersion="4.0" xmlns="http://schemas.microsoft.com/developer/msbuild/2003">
  <ItemGroup>
    <Filter Include="Source files">
      <UniqueIdentifier>{2b5694ca-638e-4c2d-bf21-f9c7212f2885}</UniqueIdentifier>
      <Extensions>cpp;c;cc;cxx;def;odl;idl;hpj;bat;asm;asmx</Extensions>
    </Filter>
    <Filter Include="Header files">
      <UniqueIdentifier>{97012233-755c-4809-9a56-f28d8bd0d29b}</UniqueIdentifier>
      <Extensions>h;hpp;hxx;hm;inl;inc;xsd</Extensions>
    </Filter>
    <Filter Include="Resource files">
      <UniqueIdentifier>{1a162185-120a-4016-abf3-3eebc846841d}</UniqueIdentifier>
      <Extensions>rc;ico;cur;bmp;dlg;rc2;rct;bin;rgs;gif;jpg;jpeg;jpe;resx;tiff;tif;png;wav</Extensions>
    </Filter>
    <Filter Include="Make files">
      <UniqueIdentifier>{8ee09425-af61-468d-ad77-373ab90c844a}</UniqueIdentifier>
    </Filter>
    <Filter Include="VisualGDB settings">
      <UniqueIdentifier>{8e28c601-7242-4bb6-ba05-5cb135aab426}</UniqueIdentifier>
    </Filter>
  </ItemGroup>
  <ItemGroup>
    <None Include="debug.mak">
      <Filter>Make files</Filter>
    </None>
    <None Include="release.mak">
      <Filter>Make files</Filter>
    </None>
    <None Include="mcreceiver1-Debug.vgdbsettings">
      <Filter>VisualGDB settings</Filter>
    </None>
    <None Include="mcreceiver1-Release.vgdbsettings">
      <Filter>VisualGDB settings</Filter>
    </None>
  </ItemGroup>
  <ItemGroup>
    <None Include="Makefile" />
  </ItemGroup>
  <ItemGroup>
    <ClCompile Include="src\mcreceiver1.cpp">
      <Filter>Source files</Filter>
    </ClCompile>
    <ClCompile Include="src\PracticalSocket.cpp">
      <Filter>Source files</Filter>
    </ClCompile>
    <ClCompile Include="src\StreamReader.cpp">
      <Filter>Source files</Filter>
    </ClCompile>
    <ClCompile Include="src\tools.cpp">
      <Filter>Source files</Filter>
    </ClCompile>
    <ClCompile Include="src\i18n.cpp">
      <Filter>Source files</Filter>
    </ClCompile>
    <ClCompile Include="src\thread.cpp">
      <Filter>Source files</Filter>
    </ClCompile>
    <ClCompile Include="src\Logger.cpp">
      <Filter>Source files</Filter>
    </ClCompile>
  </ItemGroup>
  <ItemGroup>
    <ClInclude Include="src\PracticalSocket.h">
      <Filter>Header files</Filter>
    </ClInclude>
    <ClInclude Include="src\StreamReader.h">
      <Filter>Header files</Filter>
    </ClInclude>
    <ClInclude Include="src\tools.h">
      <Filter>Header files</Filter>
    </ClInclude>
    <ClInclude Include="src\i18n.h">
      <Filter>Header files</Filter>
    </ClInclude>
    <ClInclude Include="src\thread.h">
      <Filter>Header files</Filter>
    </ClInclude>
    <ClInclude Include="src\Logger.h">
      <Filter>Header files</Filter>
    </ClInclude>
  </ItemGroup>
</Project>