
Microsoft Visual Studio Solution File, Format Version 12.00
# Visual Studio 15
VisualStudioVersion = 15.0.27004.2008
MinimumVisualStudioVersion = 10.0.40219.1
Project("{8BC9CEB8-8B4A-11D0-8D11-00A0C91BC942}") = "monitor_igmp", "monitor_igmp\monitor_igmp.vcxproj", "{49137A26-30AD-4693-9001-CED356154688}"
EndProject
Global
	GlobalSection(SolutionConfigurationPlatforms) = preSolution
		Debug|x86 = Debug|x86
		Release|x86 = Release|x86
	EndGlobalSection
	GlobalSection(ProjectConfigurationPlatforms) = postSolution
		{49137A26-30AD-4693-9001-CED356154688}.Debug|x64.ActiveCfg = Debug|Win32
		{49137A26-30AD-4693-9001-CED356154688}.Debug|x86.ActiveCfg = Debug|Win32
		{49137A26-30AD-4693-9001-CED356154688}.Debug|x86.Build.0 = Debug|Win32
		{49137A26-30AD-4693-9001-CED356154688}.Release|x64.ActiveCfg = Release|Win32
		{49137A26-30AD-4693-9001-CED356154688}.Release|x86.ActiveCfg = Release|Win32
		{49137A26-30AD-4693-9001-CED356154688}.Release|x86.Build.0 = Release|Win32
	EndGlobalSection
	GlobalSection(SolutionProperties) = preSolution
		HideSolutionNode = FALSE
	EndGlobalSection
	GlobalSection(ExtensibilityGlobals) = postSolution
		SolutionGuid = {379648FE-2B7A-4C26-850D-0A609BCC207A}
	EndGlobalSection
EndGlobal
