
Microsoft Visual Studio Solution File, Format Version 12.00
# Visual Studio 15
VisualStudioVersion = 15.0.27004.2008
MinimumVisualStudioVersion = 10.0.40219.1
Project("{8BC9CEB8-8B4A-11D0-8D11-00A0C91BC942}") = "monitor_mrt", "monitor_mrt\monitor_mrt.vcxproj", "{20646068-21DC-40C1-9453-1DB1B49E7FF8}"
EndProject
Global
	GlobalSection(SolutionConfigurationPlatforms) = preSolution
		Debug|x86 = Debug|x86
		Release|x86 = Release|x86
	EndGlobalSection
	GlobalSection(ProjectConfigurationPlatforms) = postSolution
		{20646068-21DC-40C1-9453-1DB1B49E7FF8}.Debug|x64.ActiveCfg = Debug|Win32
		{20646068-21DC-40C1-9453-1DB1B49E7FF8}.Debug|x86.ActiveCfg = Debug|Win32
		{20646068-21DC-40C1-9453-1DB1B49E7FF8}.Debug|x86.Build.0 = Debug|Win32
		{20646068-21DC-40C1-9453-1DB1B49E7FF8}.Release|x64.ActiveCfg = Release|Win32
		{20646068-21DC-40C1-9453-1DB1B49E7FF8}.Release|x86.ActiveCfg = Release|Win32
		{20646068-21DC-40C1-9453-1DB1B49E7FF8}.Release|x86.Build.0 = Release|Win32
	EndGlobalSection
	GlobalSection(SolutionProperties) = preSolution
		HideSolutionNode = FALSE
	EndGlobalSection
	GlobalSection(ExtensibilityGlobals) = postSolution
		SolutionGuid = {5FC5C88D-D83D-42D5-BB41-51468C950B50}
	EndGlobalSection
EndGlobal
