
Microsoft Visual Studio Solution File, Format Version 12.00
# Visual Studio 15
VisualStudioVersion = 15.0.27004.2008
MinimumVisualStudioVersion = 10.0.40219.1
Project("{8BC9CEB8-8B4A-11D0-8D11-00A0C91BC942}") = "monitor_stbapp", "monitor_stbapp\monitor_stbapp.vcxproj", "{D6ECD7FC-0211-4141-B50A-1AE873E518B0}"
EndProject
Global
	GlobalSection(SolutionConfigurationPlatforms) = preSolution
		Debug|x86 = Debug|x86
		Release|x86 = Release|x86
	EndGlobalSection
	GlobalSection(ProjectConfigurationPlatforms) = postSolution
		{D6ECD7FC-0211-4141-B50A-1AE873E518B0}.Debug|x64.ActiveCfg = Debug|Win32
		{D6ECD7FC-0211-4141-B50A-1AE873E518B0}.Debug|x86.ActiveCfg = Debug|Win32
		{D6ECD7FC-0211-4141-B50A-1AE873E518B0}.Debug|x86.Build.0 = Debug|Win32
		{D6ECD7FC-0211-4141-B50A-1AE873E518B0}.Release|x64.ActiveCfg = Release|Win32
		{D6ECD7FC-0211-4141-B50A-1AE873E518B0}.Release|x86.ActiveCfg = Release|Win32
		{D6ECD7FC-0211-4141-B50A-1AE873E518B0}.Release|x86.Build.0 = Release|Win32
	EndGlobalSection
	GlobalSection(SolutionProperties) = preSolution
		HideSolutionNode = FALSE
	EndGlobalSection
	GlobalSection(ExtensibilityGlobals) = postSolution
		SolutionGuid = {5BD04EC5-9E99-4755-8E5E-563074D2A208}
	EndGlobalSection
EndGlobal
