<?xml version="1.0" encoding="utf-8"?>
<Project ToolsVersion="4.0" xmlns="http://schemas.microsoft.com/developer/msbuild/2003">
  <ItemGroup>
    <Filter Include="Source files">
      <UniqueIdentifier>{cc75ea06-1cd1-4b24-8c79-6c140ccb6626}</UniqueIdentifier>
      <Extensions>cpp;c;cc;cxx;def;odl;idl;hpj;bat;asm;asmx</Extensions>
    </Filter>
    <Filter Include="Header files">
      <UniqueIdentifier>{43421eed-1568-42fd-9630-bb94188cbce2}</UniqueIdentifier>
      <Extensions>h;hpp;hxx;hm;inl;inc;xsd</Extensions>
    </Filter>
    <Filter Include="Resource files">
      <UniqueIdentifier>{153215f1-bec1-4c97-b68f-0c2c21d31732}</UniqueIdentifier>
      <Extensions>rc;ico;cur;bmp;dlg;rc2;rct;bin;rgs;gif;jpg;jpeg;jpe;resx;tiff;tif;png;wav</Extensions>
    </Filter>
    <Filter Include="Make files">
      <UniqueIdentifier>{ad28a29e-9e8e-4fb0-9688-78706a643add}</UniqueIdentifier>
    </Filter>
    <Filter Include="VisualGDB settings">
      <UniqueIdentifier>{a6186805-83f8-4676-9438-24ba33b97efc}</UniqueIdentifier>
    </Filter>
  </ItemGroup>
  <ItemGroup>
    <None Include="debug.mak">
      <Filter>Make files</Filter>
    </None>
    <None Include="release.mak">
      <Filter>Make files</Filter>
    </None>
    <None Include="mc_qm_send-Debug.vgdbsettings">
      <Filter>VisualGDB settings</Filter>
    </None>
    <None Include="mc_qm_send-Release.vgdbsettings">
      <Filter>VisualGDB settings</Filter>
    </None>
  </ItemGroup>
  <ItemGroup>
    <None Include="Makefile" />
  </ItemGroup>
  <ItemGroup>
    <ClInclude Include="src\CsvWriter.h">
      <Filter>Header files</Filter>
    </ClInclude>
    <ClInclude Include="src\i18n.h">
      <Filter>Header files</Filter>
    </ClInclude>
    <ClInclude Include="src\Logger.h">
      <Filter>Header files</Filter>
    </ClInclude>
    <ClInclude Include="src\Multicaster.h">
      <Filter>Header files</Filter>
    </ClInclude>
    <ClInclude Include="src\queue.h">
      <Filter>Header files</Filter>
    </ClInclude>
    <ClInclude Include="src\thread.h">
      <Filter>Header files</Filter>
    </ClInclude>
    <ClInclude Include="src\tools.h">
      <Filter>Header files</Filter>
    </ClInclude>
  </ItemGroup>
  <ItemGroup>
    <ClCompile Include="src\CsvWriter.cpp">
      <Filter>Source files</Filter>
    </ClCompile>
    <ClCompile Include="src\i18n.cpp">
      <Filter>Source files</Filter>
    </ClCompile>
    <ClCompile Include="src\Logger.cpp">
      <Filter>Source files</Filter>
    </ClCompile>
    <ClCompile Include="src\main.cpp">
      <Filter>Source files</Filter>
    </ClCompile>
    <ClCompile Include="src\Multicaster.cpp">
      <Filter>Source files</Filter>
    </ClCompile>
    <ClCompile Include="src\thread.cpp">
      <Filter>Source files</Filter>
    </ClCompile>
    <ClCompile Include="src\tools.cpp">
      <Filter>Source files</Filter>
    </ClCompile>
  </ItemGroup>
</Project>