
Microsoft Visual Studio Solution File, Format Version 12.00
# Visual Studio 15
VisualStudioVersion = 15.0.26730.16
MinimumVisualStudioVersion = 10.0.40219.1
Project("{803FD0C6-D64E-4E16-9DC3-1DAEC859A3D2}") = "mcclient3", "mcclient3\mcclient3.vgdbcmake", "{D6C273FE-7183-470A-BEF0-E6B415647DEA}"
EndProject
Global
	GlobalSection(SolutionConfigurationPlatforms) = preSolution
		Debug|VisualGDB = Debug|VisualGDB
		MinSizeRel|VisualGDB = MinSizeRel|VisualGDB
		Release|VisualGDB = Release|VisualGDB
		RelWithDebInfo|VisualGDB = RelWithDebInfo|VisualGDB
	EndGlobalSection
	GlobalSection(ProjectConfigurationPlatforms) = postSolution
		{D6C273FE-7183-470A-BEF0-E6B415647DEA}.Debug|VisualGDB.ActiveCfg = Debug|VisualGDB
		{D6C273FE-7183-470A-BEF0-E6B415647DEA}.Debug|VisualGDB.Build.0 = Debug|VisualGDB
		{D6C273FE-7183-470A-BEF0-E6B415647DEA}.MinSizeRel|VisualGDB.ActiveCfg = MinSizeRel|VisualGDB
		{D6C273FE-7183-470A-BEF0-E6B415647DEA}.MinSizeRel|VisualGDB.Build.0 = MinSizeRel|VisualGDB
		{D6C273FE-7183-470A-BEF0-E6B415647DEA}.Release|VisualGDB.ActiveCfg = Release|VisualGDB
		{D6C273FE-7183-470A-BEF0-E6B415647DEA}.Release|VisualGDB.Build.0 = Release|VisualGDB
		{D6C273FE-7183-470A-BEF0-E6B415647DEA}.RelWithDebInfo|VisualGDB.ActiveCfg = RelWithDebInfo|VisualGDB
		{D6C273FE-7183-470A-BEF0-E6B415647DEA}.RelWithDebInfo|VisualGDB.Build.0 = RelWithDebInfo|VisualGDB
	EndGlobalSection
	GlobalSection(SolutionProperties) = preSolution
		HideSolutionNode = FALSE
	EndGlobalSection
	GlobalSection(ExtensibilityGlobals) = postSolution
		SolutionGuid = {626C1408-E91B-40A9-ABE6-AAF942FF2128}
	EndGlobalSection
EndGlobal
