
Microsoft Visual Studio Solution File, Format Version 12.00
# Visual Studio 15
VisualStudioVersion = 15.0.27004.2008
MinimumVisualStudioVersion = 10.0.40219.1
Project("{8BC9CEB8-8B4A-11D0-8D11-00A0C91BC942}") = "mpegts-languages", "mpegts-languages\mpegts-languages.vcxproj", "{14736FE4-D843-4FAF-B48C-52064FC0169B}"
EndProject
Global
	GlobalSection(SolutionConfigurationPlatforms) = preSolution
		Debug|x86 = Debug|x86
		Release|x86 = Release|x86
	EndGlobalSection
	GlobalSection(ProjectConfigurationPlatforms) = postSolution
		{14736FE4-D843-4FAF-B48C-52064FC0169B}.Debug|x64.ActiveCfg = Debug|Win32
		{14736FE4-D843-4FAF-B48C-52064FC0169B}.Debug|x86.ActiveCfg = Debug|Win32
		{14736FE4-D843-4FAF-B48C-52064FC0169B}.Debug|x86.Build.0 = Debug|Win32
		{14736FE4-D843-4FAF-B48C-52064FC0169B}.Release|x64.ActiveCfg = Release|Win32
		{14736FE4-D843-4FAF-B48C-52064FC0169B}.Release|x86.ActiveCfg = Release|Win32
		{14736FE4-D843-4FAF-B48C-52064FC0169B}.Release|x86.Build.0 = Release|Win32
	EndGlobalSection
	GlobalSection(SolutionProperties) = preSolution
		HideSolutionNode = FALSE
	EndGlobalSection
	GlobalSection(ExtensibilityGlobals) = postSolution
		SolutionGuid = {80699C2A-43B8-470E-989A-DE15BBB2D6E9}
	EndGlobalSection
EndGlobal
